// !$*UTF8*$!
{
	archiveVersion = 1;
	classes = {
	};
	objectVersion = 46;
	objects = {

/* Begin PBXBuildFile section */
		0CA865466BBA06521D1A993F /* libPods.a in Frameworks */ = {isa = PBXBuildFile; fileRef = 5DF798187BBE6B33AFE21EC8 /* libPods.a */; };
		715850F11AD2722D00C8B1BB /* ModalViewController.m in Sources */ = {isa = PBXBuildFile; fileRef = 715850F01AD2722D00C8B1BB /* ModalViewController.m */; };
		715850F41AD2780100C8B1BB /* PresentingAnimator.m in Sources */ = {isa = PBXBuildFile; fileRef = 715850F31AD2780100C8B1BB /* PresentingAnimator.m */; };
		715850F71AD2782200C8B1BB /* DismissingAnimator.m in Sources */ = {isa = PBXBuildFile; fileRef = 715850F61AD2782200C8B1BB /* DismissingAnimator.m */; };
		71D4F52B1ACAFFE900F3048A /* ShowSetViewController.m in Sources */ = {isa = PBXBuildFile; fileRef = 71D4F52A1ACAFFE900F3048A /* ShowSetViewController.m */; };
		71DBC37C1AC27BB600688B48 /* main.m in Sources */ = {isa = PBXBuildFile; fileRef = 71DBC37B1AC27BB600688B48 /* main.m */; };
		71DBC37F1AC27BB600688B48 /* AppDelegate.m in Sources */ = {isa = PBXBuildFile; fileRef = 71DBC37E1AC27BB600688B48 /* AppDelegate.m */; };
		71DBC3821AC27BB600688B48 /* ViewController.m in Sources */ = {isa = PBXBuildFile; fileRef = 71DBC3811AC27BB600688B48 /* ViewController.m */; };
		71DBC3851AC27BB600688B48 /* Main.storyboard in Resources */ = {isa = PBXBuildFile; fileRef = 71DBC3831AC27BB600688B48 /* Main.storyboard */; };
		71DBC3871AC27BB600688B48 /* Images.xcassets in Resources */ = {isa = PBXBuildFile; fileRef = 71DBC3861AC27BB600688B48 /* Images.xcassets */; };
		71DBC38A1AC27BB600688B48 /* LaunchScreen.xib in Resources */ = {isa = PBXBuildFile; fileRef = 71DBC3881AC27BB600688B48 /* LaunchScreen.xib */; };
		71DBC3961AC27BB600688B48 /* LuckyDrawTests.m in Sources */ = {isa = PBXBuildFile; fileRef = 71DBC3951AC27BB600688B48 /* LuckyDrawTests.m */; };
		71DBC3A11AC2811000688B48 /* SettingViewController.m in Sources */ = {isa = PBXBuildFile; fileRef = 71DBC3A01AC2811000688B48 /* SettingViewController.m */; };
		71DBC3A41AC2812D00688B48 /* NumViewController.m in Sources */ = {isa = PBXBuildFile; fileRef = 71DBC3A31AC2812D00688B48 /* NumViewController.m */; };
		71DBC3A71AC2814600688B48 /* DrawingViewController.m in Sources */ = {isa = PBXBuildFile; fileRef = 71DBC3A61AC2814600688B48 /* DrawingViewController.m */; };
/* End PBXBuildFile section */

/* Begin PBXContainerItemProxy section */
		71DBC3901AC27BB600688B48 /* PBXContainerItemProxy */ = {
			isa = PBXContainerItemProxy;
			containerPortal = 71DBC36E1AC27BB500688B48 /* Project object */;
			proxyType = 1;
			remoteGlobalIDString = 71DBC3751AC27BB500688B48;
			remoteInfo = LuckyDraw;
		};
/* End PBXContainerItemProxy section */

/* Begin PBXFileReference section */
		1A3177450AB238EDD18FB867 /* Pods.debug.xcconfig */ = {isa = PBXFileReference; includeInIndex = 1; lastKnownFileType = text.xcconfig; name = Pods.debug.xcconfig; path = "Pods/Target Support Files/Pods/Pods.debug.xcconfig"; sourceTree = "<group>"; };
		5DF798187BBE6B33AFE21EC8 /* libPods.a */ = {isa = PBXFileReference; explicitFileType = archive.ar; includeInIndex = 0; path = libPods.a; sourceTree = BUILT_PRODUCTS_DIR; };
		715850EF1AD2722D00C8B1BB /* ModalViewController.h */ = {isa = PBXFileReference; fileEncoding = 4; lastKnownFileType = sourcecode.c.h; path = ModalViewController.h; sourceTree = "<group>"; };
		715850F01AD2722D00C8B1BB /* ModalViewController.m */ = {isa = PBXFileReference; fileEncoding = 4; lastKnownFileType = sourcecode.c.objc; path = ModalViewController.m; sourceTree = "<group>"; };
		715850F21AD2780100C8B1BB /* PresentingAnimator.h */ = {isa = PBXFileReference; fileEncoding = 4; lastKnownFileType = sourcecode.c.h; path = PresentingAnimator.h; sourceTree = "<group>"; };
		715850F31AD2780100C8B1BB /* PresentingAnimator.m */ = {isa = PBXFileReference; fileEncoding = 4; lastKnownFileType = sourcecode.c.objc; path = PresentingAnimator.m; sourceTree = "<group>"; };
		715850F51AD2782200C8B1BB /* DismissingAnimator.h */ = {isa = PBXFileReference; fileEncoding = 4; lastKnownFileType = sourcecode.c.h; path = DismissingAnimator.h; sourceTree = "<group>"; };
		715850F61AD2782200C8B1BB /* DismissingAnimator.m */ = {isa = PBXFileReference; fileEncoding = 4; lastKnownFileType = sourcecode.c.objc; path = DismissingAnimator.m; sourceTree = "<group>"; };
		71D4F5291ACAFFE800F3048A /* ShowSetViewController.h */ = {isa = PBXFileReference; fileEncoding = 4; lastKnownFileType = sourcecode.c.h; path = ShowSetViewController.h; sourceTree = "<group>"; };
		71D4F52A1ACAFFE900F3048A /* ShowSetViewController.m */ = {isa = PBXFileReference; fileEncoding = 4; lastKnownFileType = sourcecode.c.objc; path = ShowSetViewController.m; sourceTree = "<group>"; };
		71DBC3761AC27BB500688B48 /* LuckyDraw.app */ = {isa = PBXFileReference; explicitFileType = wrapper.application; includeInIndex = 0; path = LuckyDraw.app; sourceTree = BUILT_PRODUCTS_DIR; };
		71DBC37A1AC27BB600688B48 /* Info.plist */ = {isa = PBXFileReference; lastKnownFileType = text.plist.xml; path = Info.plist; sourceTree = "<group>"; };
		71DBC37B1AC27BB600688B48 /* main.m */ = {isa = PBXFileReference; lastKnownFileType = sourcecode.c.objc; path = main.m; sourceTree = "<group>"; };
		71DBC37D1AC27BB600688B48 /* AppDelegate.h */ = {isa = PBXFileReference; lastKnownFileType = sourcecode.c.h; path = AppDelegate.h; sourceTree = "<group>"; };
		71DBC37E1AC27BB600688B48 /* AppDelegate.m */ = {isa = PBXFileReference; lastKnownFileType = sourcecode.c.objc; path = AppDelegate.m; sourceTree = "<group>"; };
		71DBC3801AC27BB600688B48 /* ViewController.h */ = {isa = PBXFileReference; lastKnownFileType = sourcecode.c.h; path = ViewController.h; sourceTree = "<group>"; };
		71DBC3811AC27BB600688B48 /* ViewController.m */ = {isa = PBXFileReference; lastKnownFileType = sourcecode.c.objc; path = ViewController.m; sourceTree = "<group>"; };
		71DBC3841AC27BB600688B48 /* Base */ = {isa = PBXFileReference; lastKnownFileType = file.storyboard; name = Base; path = Base.lproj/Main.storyboard; sourceTree = "<group>"; };
		71DBC3861AC27BB600688B48 /* Images.xcassets */ = {isa = PBXFileReference; lastKnownFileType = folder.assetcatalog; path = Images.xcassets; sourceTree = "<group>"; };
		71DBC3891AC27BB600688B48 /* Base */ = {isa = PBXFileReference; lastKnownFileType = file.xib; name = Base; path = Base.lproj/LaunchScreen.xib; sourceTree = "<group>"; };
		71DBC38F1AC27BB600688B48 /* LuckyDrawTests.xctest */ = {isa = PBXFileReference; explicitFileType = wrapper.cfbundle; includeInIndex = 0; path = LuckyDrawTests.xctest; sourceTree = BUILT_PRODUCTS_DIR; };
		71DBC3941AC27BB600688B48 /* Info.plist */ = {isa = PBXFileReference; lastKnownFileType = text.plist.xml; path = Info.plist; sourceTree = "<group>"; };
		71DBC3951AC27BB600688B48 /* LuckyDrawTests.m */ = {isa = PBXFileReference; lastKnownFileType = sourcecode.c.objc; path = LuckyDrawTests.m; sourceTree = "<group>"; };
		71DBC39F1AC2811000688B48 /* SettingViewController.h */ = {isa = PBXFileReference; fileEncoding = 4; lastKnownFileType = sourcecode.c.h; path = SettingViewController.h; sourceTree = "<group>"; };
		71DBC3A01AC2811000688B48 /* SettingViewController.m */ = {isa = PBXFileReference; fileEncoding = 4; lastKnownFileType = sourcecode.c.objc; path = SettingViewController.m; sourceTree = "<group>"; };
		71DBC3A21AC2812D00688B48 /* NumViewController.h */ = {isa = PBXFileReference; fileEncoding = 4; lastKnownFileType = sourcecode.c.h; path = NumViewController.h; sourceTree = "<group>"; };
		71DBC3A31AC2812D00688B48 /* NumViewController.m */ = {isa = PBXFileReference; fileEncoding = 4; lastKnownFileType = sourcecode.c.objc; path = NumViewController.m; sourceTree = "<group>"; };
		71DBC3A51AC2814600688B48 /* DrawingViewController.h */ = {isa = PBXFileReference; fileEncoding = 4; lastKnownFileType = sourcecode.c.h; path = DrawingViewController.h; sourceTree = "<group>"; };
		71DBC3A61AC2814600688B48 /* DrawingViewController.m */ = {isa = PBXFileReference; fileEncoding = 4; lastKnownFileType = sourcecode.c.objc; path = DrawingViewController.m; sourceTree = "<group>"; };
		A35BDD10E93DBF681FC6948F /* Pods.release.xcconfig */ = {isa = PBXFileReference; includeInIndex = 1; lastKnownFileType = text.xcconfig; name = Pods.release.xcconfig; path = "Pods/Target Support Files/Pods/Pods.release.xcconfig"; sourceTree = "<group>"; };
/* End PBXFileReference section */

/* Begin PBXFrameworksBuildPhase section */
		71DBC3731AC27BB500688B48 /* Frameworks */ = {
			isa = PBXFrameworksBuildPhase;
			buildActionMask = 2147483647;
			files = (
				0CA865466BBA06521D1A993F /* libPods.a in Frameworks */,
			);
			runOnlyForDeploymentPostprocessing = 0;
		};
		71DBC38C1AC27BB600688B48 /* Frameworks */ = {
			isa = PBXFrameworksBuildPhase;
			buildActionMask = 2147483647;
			files = (
			);
			runOnlyForDeploymentPostprocessing = 0;
		};
/* End PBXFrameworksBuildPhase section */

/* Begin PBXGroup section */
		71DBC36D1AC27BB500688B48 = {
			isa = PBXGroup;
			children = (
				71DBC3781AC27BB500688B48 /* LuckyDraw */,
				71DBC3921AC27BB600688B48 /* LuckyDrawTests */,
				71DBC3771AC27BB500688B48 /* Products */,
				852AB1CAC17B1EEF81C9756B /* Pods */,
				E4E35E1F8FFB1C33721004EB /* Frameworks */,
			);
			sourceTree = "<group>";
		};
		71DBC3771AC27BB500688B48 /* Products */ = {
			isa = PBXGroup;
			children = (
				71DBC3761AC27BB500688B48 /* LuckyDraw.app */,
				71DBC38F1AC27BB600688B48 /* LuckyDrawTests.xctest */,
			);
			name = Products;
			sourceTree = "<group>";
		};
		71DBC3781AC27BB500688B48 /* LuckyDraw */ = {
			isa = PBXGroup;
			children = (
				71DBC3801AC27BB600688B48 /* ViewController.h */,
				71DBC3811AC27BB600688B48 /* ViewController.m */,
				71DBC39F1AC2811000688B48 /* SettingViewController.h */,
				71DBC3A01AC2811000688B48 /* SettingViewController.m */,
				71D4F5291ACAFFE800F3048A /* ShowSetViewController.h */,
				71D4F52A1ACAFFE900F3048A /* ShowSetViewController.m */,
				71DBC3A21AC2812D00688B48 /* NumViewController.h */,
				71DBC3A31AC2812D00688B48 /* NumViewController.m */,
				71DBC3A51AC2814600688B48 /* DrawingViewController.h */,
				71DBC3A61AC2814600688B48 /* DrawingViewController.m */,
				715850EF1AD2722D00C8B1BB /* ModalViewController.h */,
				715850F01AD2722D00C8B1BB /* ModalViewController.m */,
				715850F21AD2780100C8B1BB /* PresentingAnimator.h */,
				715850F31AD2780100C8B1BB /* PresentingAnimator.m */,
				715850F51AD2782200C8B1BB /* DismissingAnimator.h */,
				715850F61AD2782200C8B1BB /* DismissingAnimator.m */,
				71DBC3831AC27BB600688B48 /* Main.storyboard */,
				71DBC3791AC27BB600688B48 /* Supporting Files */,
			);
			path = LuckyDraw;
			sourceTree = "<group>";
		};
		71DBC3791AC27BB600688B48 /* Supporting Files */ = {
			isa = PBXGroup;
			children = (
				71DBC3861AC27BB600688B48 /* Images.xcassets */,
				71DBC3881AC27BB600688B48 /* LaunchScreen.xib */,
				71DBC37A1AC27BB600688B48 /* Info.plist */,
				71DBC37B1AC27BB600688B48 /* main.m */,
				71DBC37D1AC27BB600688B48 /* AppDelegate.h */,
				71DBC37E1AC27BB600688B48 /* AppDelegate.m */,
			);
			name = "Supporting Files";
			sourceTree = "<group>";
		};
		71DBC3921AC27BB600688B48 /* LuckyDrawTests */ = {
			isa = PBXGroup;
			children = (
				71DBC3951AC27BB600688B48 /* LuckyDrawTests.m */,
				71DBC3931AC27BB600688B48 /* Supporting Files */,
			);
			path = LuckyDrawTests;
			sourceTree = "<group>";
		};
		71DBC3931AC27BB600688B48 /* Supporting Files */ = {
			isa = PBXGroup;
			children = (
				71DBC3941AC27BB600688B48 /* Info.plist */,
			);
			name = "Supporting Files";
			sourceTree = "<group>";
		};
		852AB1CAC17B1EEF81C9756B /* Pods */ = {
			isa = PBXGroup;
			children = (
				1A3177450AB238EDD18FB867 /* Pods.debug.xcconfig */,
				A35BDD10E93DBF681FC6948F /* Pods.release.xcconfig */,
			);
			name = Pods;
			sourceTree = "<group>";
		};
		E4E35E1F8FFB1C33721004EB /* Frameworks */ = {
			isa = PBXGroup;
			children = (
				5DF798187BBE6B33AFE21EC8 /* libPods.a */,
			);
			name = Frameworks;
			sourceTree = "<group>";
		};
/* End PBXGroup section */

/* Begin PBXNativeTarget section */
		71DBC3751AC27BB500688B48 /* LuckyDraw */ = {
			isa = PBXNativeTarget;
			buildConfigurationList = 71DBC3991AC27BB600688B48 /* Build configuration list for PBXNativeTarget "LuckyDraw" */;
			buildPhases = (
				F6E6A7CC7338693789162BAB /* Check Pods Manifest.lock */,
				71DBC3721AC27BB500688B48 /* Sources */,
				71DBC3731AC27BB500688B48 /* Frameworks */,
				71DBC3741AC27BB500688B48 /* Resources */,
				41FBFCADB8865124B040A2D5 /* Copy Pods Resources */,
			);
			buildRules = (
			);
			dependencies = (
			);
			name = LuckyDraw;
			productName = LuckyDraw;
			productReference = 71DBC3761AC27BB500688B48 /* LuckyDraw.app */;
			productType = "com.apple.product-type.application";
		};
		71DBC38E1AC27BB600688B48 /* LuckyDrawTests */ = {
			isa = PBXNativeTarget;
			buildConfigurationList = 71DBC39C1AC27BB600688B48 /* Build configuration list for PBXNativeTarget "LuckyDrawTests" */;
			buildPhases = (
				71DBC38B1AC27BB600688B48 /* Sources */,
				71DBC38C1AC27BB600688B48 /* Frameworks */,
				71DBC38D1AC27BB600688B48 /* Resources */,
			);
			buildRules = (
			);
			dependencies = (
				71DBC3911AC27BB600688B48 /* PBXTargetDependency */,
			);
			name = LuckyDrawTests;
			productName = LuckyDrawTests;
			productReference = 71DBC38F1AC27BB600688B48 /* LuckyDrawTests.xctest */;
			productType = "com.apple.product-type.bundle.unit-test";
		};
/* End PBXNativeTarget section */

/* Begin PBXProject section */
		71DBC36E1AC27BB500688B48 /* Project object */ = {
			isa = PBXProject;
			attributes = {
				LastUpgradeCheck = 0610;
				ORGANIZATIONNAME = iTeam;
				TargetAttributes = {
					71DBC3751AC27BB500688B48 = {
						CreatedOnToolsVersion = 6.1.1;
					};
					71DBC38E1AC27BB600688B48 = {
						CreatedOnToolsVersion = 6.1.1;
						TestTargetID = 71DBC3751AC27BB500688B48;
					};
				};
			};
			buildConfigurationList = 71DBC3711AC27BB500688B48 /* Build configuration list for PBXProject "LuckyDraw" */;
			compatibilityVersion = "Xcode 3.2";
			developmentRegion = English;
			hasScannedForEncodings = 0;
			knownRegions = (
				en,
				Base,
			);
			mainGroup = 71DBC36D1AC27BB500688B48;
			productRefGroup = 71DBC3771AC27BB500688B48 /* Products */;
			projectDirPath = "";
			projectRoot = "";
			targets = (
				71DBC3751AC27BB500688B48 /* LuckyDraw */,
				71DBC38E1AC27BB600688B48 /* LuckyDrawTests */,
			);
		};
/* End PBXProject section */

/* Begin PBXResourcesBuildPhase section */
		71DBC3741AC27BB500688B48 /* Resources */ = {
			isa = PBXResourcesBuildPhase;
			buildActionMask = 2147483647;
			files = (
				71DBC3851AC27BB600688B48 /* Main.storyboard in Resources */,
				71DBC38A1AC27BB600688B48 /* LaunchScreen.xib in Resources */,
				71DBC3871AC27BB600688B48 /* Images.xcassets in Resources */,
			);
			runOnlyForDeploymentPostprocessing = 0;
		};
		71DBC38D1AC27BB600688B48 /* Resources */ = {
			isa = PBXResourcesBuildPhase;
			buildActionMask = 2147483647;
			files = (
			);
			runOnlyForDeploymentPostprocessing = 0;
		};
/* End PBXResourcesBuildPhase section */

/* Begin PBXShellScriptBuildPhase section */
		41FBFCADB8865124B040A2D5 /* Copy Pods Resources */ = {
			isa = PBXShellScriptBuildPhase;
			buildActionMask = 2147483647;
			files = (
			);
			inputPaths = (
			);
			name = "Copy Pods Resources";
			outputPaths = (
			);
			runOnlyForDeploymentPostprocessing = 0;
			shellPath = /bin/sh;
			shellScript = "\"${SRCROOT}/Pods/Target Support Files/Pods/Pods-resources.sh\"\n";
			showEnvVarsInLog = 0;
		};
		F6E6A7CC7338693789162BAB /* Check Pods Manifest.lock */ = {
			isa = PBXShellScriptBuildPhase;
			buildActionMask = 2147483647;
			files = (
			);
			inputPaths = (
			);
			name = "Check Pods Manifest.lock";
			outputPaths = (
			);
			runOnlyForDeploymentPostprocessing = 0;
			shellPath = /bin/sh;
			shellScript = "diff \"${PODS_ROOT}/../Podfile.lock\" \"${PODS_ROOT}/Manifest.lock\" > /dev/null\nif [[ $? != 0 ]] ; then\n    cat << EOM\nerror: The sandbox is not in sync with the Podfile.lock. Run 'pod install' or update your CocoaPods installation.\nEOM\n    exit 1\nfi\n";
			showEnvVarsInLog = 0;
		};
/* End PBXShellScriptBuildPhase section */

/* Begin PBXSourcesBuildPhase section */
		71DBC3721AC27BB500688B48 /* Sources */ = {
			isa = PBXSourcesBuildPhase;
			buildActionMask = 2147483647;
			files = (
				71DBC3821AC27BB600688B48 /* ViewController.m in Sources */,
				71DBC37F1AC27BB600688B48 /* AppDelegate.m in Sources */,
				71DBC37C1AC27BB600688B48 /* main.m in Sources */,
				71DBC3A41AC2812D00688B48 /* NumViewController.m in Sources */,
				715850F11AD2722D00C8B1BB /* ModalViewController.m in Sources */,
				71D4F52B1ACAFFE900F3048A /* ShowSetViewController.m in Sources */,
				71DBC3A11AC2811000688B48 /* SettingViewController.m in Sources */,
				715850F41AD2780100C8B1BB /* PresentingAnimator.m in Sources */,
				715850F71AD2782200C8B1BB /* DismissingAnimator.m in Sources */,
				71DBC3A71AC2814600688B48 /* DrawingViewController.m in Sources */,
			);
			runOnlyForDeploymentPostprocessing = 0;
		};
		71DBC38B1AC27BB600688B48 /* Sources */ = {
			isa = PBXSourcesBuildPhase;
			buildActionMask = 2147483647;
			files = (
				71DBC3961AC27BB600688B48 /* LuckyDrawTests.m in Sources */,
			);
			runOnlyForDeploymentPostprocessing = 0;
		};
/* End PBXSourcesBuildPhase section */

/* Begin PBXTargetDependency section */
		71DBC3911AC27BB600688B48 /* PBXTargetDependency */ = {
			isa = PBXTargetDependency;
			target = 71DBC3751AC27BB500688B48 /* LuckyDraw */;
			targetProxy = 71DBC3901AC27BB600688B48 /* PBXContainerItemProxy */;
		};
/* End PBXTargetDependency section */

/* Begin PBXVariantGroup section */
		71DBC3831AC27BB600688B48 /* Main.storyboard */ = {
			isa = PBXVariantGroup;
			children = (
				71DBC3841AC27BB600688B48 /* Base */,
			);
			name = Main.storyboard;
			sourceTree = "<group>";
		};
		71DBC3881AC27BB600688B48 /* LaunchScreen.xib */ = {
			isa = PBXVariantGroup;
			children = (
				71DBC3891AC27BB600688B48 /* Base */,
			);
			name = LaunchScreen.xib;
			sourceTree = "<group>";
		};
/* End PBXVariantGroup section */

/* Begin XCBuildConfiguration section */
		71DBC3971AC27BB600688B48 /* Debug */ = {
			isa = XCBuildConfiguration;
			buildSettings = {
				ALWAYS_SEARCH_USER_PATHS = NO;
				CLANG_CXX_LANGUAGE_STANDARD = "gnu++0x";
				CLANG_CXX_LIBRARY = "libc++";
				CLANG_ENABLE_MODULES = YES;
				CLANG_ENABLE_OBJC_ARC = YES;
				CLANG_WARN_BOOL_CONVERSION = YES;
				CLANG_WARN_CONSTANT_CONVERSION = YES;
				CLANG_WARN_DIRECT_OBJC_ISA_USAGE = YES_ERROR;
				CLANG_WARN_EMPTY_BODY = YES;
				CLANG_WARN_ENUM_CONVERSION = YES;
				CLANG_WARN_INT_CONVERSION = YES;
				CLANG_WARN_OBJC_ROOT_CLASS = YES_ERROR;
				CLANG_WARN_UNREACHABLE_CODE = YES;
				CLANG_WARN__DUPLICATE_METHOD_MATCH = YES;
				"CODE_SIGN_IDENTITY[sdk=iphoneos*]" = "iPhone Developer";
				COPY_PHASE_STRIP = NO;
				ENABLE_STRICT_OBJC_MSGSEND = YES;
				GCC_C_LANGUAGE_STANDARD = gnu99;
				GCC_DYNAMIC_NO_PIC = NO;
				GCC_OPTIMIZATION_LEVEL = 0;
				GCC_PREPROCESSOR_DEFINITIONS = (
					"DEBUG=1",
					"$(inherited)",
				);
				GCC_SYMBOLS_PRIVATE_EXTERN = NO;
				GCC_WARN_64_TO_32_BIT_CONVERSION = YES;
				GCC_WARN_ABOUT_RETURN_TYPE = YES_ERROR;
				GCC_WARN_UNDECLARED_SELECTOR = YES;
				GCC_WARN_UNINITIALIZED_AUTOS = YES_AGGRESSIVE;
				GCC_WARN_UNUSED_FUNCTION = YES;
				GCC_WARN_UNUSED_VARIABLE = YES;
				IPHONEOS_DEPLOYMENT_TARGET = 8.1;
				MTL_ENABLE_DEBUG_INFO = YES;
				ONLY_ACTIVE_ARCH = YES;
				SDKROOT = iphoneos;
			};
			name = Debug;
		};
		71DBC3981AC27BB600688B48 /* Release */ = {
			isa = XCBuildConfiguration;
			buildSettings = {
				ALWAYS_SEARCH_USER_PATHS = NO;
				CLANG_CXX_LANGUAGE_STANDARD = "gnu++0x";
				CLANG_CXX_LIBRARY = "libc++";
				CLANG_ENABLE_MODULES = YES;
				CLANG_ENABLE_OBJC_ARC = YES;
				CLANG_WARN_BOOL_CONVERSION = YES;
				CLANG_WARN_CONSTANT_CONVERSION = YES;
				CLANG_WARN_DIRECT_OBJC_ISA_USAGE = YES_ERROR;
				CLANG_WARN_EMPTY_BODY = YES;
				CLANG_WARN_ENUM_CONVERSION = YES;
				CLANG_WARN_INT_CONVERSION = YES;
				CLANG_WARN_OBJC_ROOT_CLASS = YES_ERROR;
				CLANG_WARN_UNREACHABLE_CODE = YES;
				CLANG_WARN__DUPLICATE_METHOD_MATCH = YES;
				"CODE_SIGN_IDENTITY[sdk=iphoneos*]" = "iPhone Developer";
				COPY_PHASE_STRIP = YES;
				ENABLE_NS_ASSERTIONS = NO;
				ENABLE_STRICT_OBJC_MSGSEND = YES;
				GCC_C_LANGUAGE_STANDARD = gnu99;
				GCC_WARN_64_TO_32_BIT_CONVERSION = YES;
				GCC_WARN_ABOUT_RETURN_TYPE = YES_ERROR;
				GCC_WARN_UNDECLARED_SELECTOR = YES;
				GCC_WARN_UNINITIALIZED_AUTOS = YES_AGGRESSIVE;
				GCC_WARN_UNUSED_FUNCTION = YES;
				GCC_WARN_UNUSED_VARIABLE = YES;
				IPHONEOS_DEPLOYMENT_TARGET = 8.1;
				MTL_ENABLE_DEBUG_INFO = NO;
				SDKROOT = iphoneos;
				VALIDATE_PRODUCT = YES;
			};
			name = Release;
		};
		71DBC39A1AC27BB600688B48 /* Debug */ = {
			isa = XCBuildConfiguration;
			baseConfigurationReference = 1A3177450AB238EDD18FB867 /* Pods.debug.xcconfig */;
			buildSettings = {
				ASSETCATALOG_COMPILER_APPICON_NAME = AppIcon;
				INFOPLIST_FILE = LuckyDraw/Info.plist;
				LD_RUNPATH_SEARCH_PATHS = "$(inherited) @executable_path/Frameworks";
				PRODUCT_NAME = "$(TARGET_NAME)";
			};
			name = Debug;
		};
		71DBC39B1AC27BB600688B48 /* Release */ = {
			isa = XCBuildConfiguration;
			baseConfigurationReference = A35BDD10E93DBF681FC6948F /* Pods.release.xcconfig */;
			buildSettings = {
				ASSETCATALOG_COMPILER_APPICON_NAME = AppIcon;
				INFOPLIST_FILE = LuckyDraw/Info.plist;
				LD_RUNPATH_SEARCH_PATHS = "$(inherited) @executable_path/Frameworks";
				PRODUCT_NAME = "$(TARGET_NAME)";
			};
			name = Release;
		};
		71DBC39D1AC27BB600688B48 /* Debug */ = {
			isa = XCBuildConfiguration;
			buildSettings = {
				BUNDLE_LOADER = "$(TEST_HOST)";
				FRAMEWORK_SEARCH_PATHS = (
					"$(SDKROOT)/Developer/Library/Frameworks",
					"$(inherited)",
				);
				GCC_PREPROCESSOR_DEFINITIONS = (
					"DEBUG=1",
					"$(inherited)",
				);
				INFOPLIST_FILE = LuckyDrawTests/Info.plist;
				LD_RUNPATH_SEARCH_PATHS = "$(inherited) @executable_path/Frameworks @loader_path/Frameworks";
				PRODUCT_NAME = "$(TARGET_NAME)";
				TEST_HOST = "$(BUILT_PRODUCTS_DIR)/LuckyDraw.app/LuckyDraw";
			};
			name = Debug;
		};
		71DBC39E1AC27BB600688B48 /* Release */ = {
			isa = XCBuildConfiguration;
			buildSettings = {
				BUNDLE_LOADER = "$(TEST_HOST)";
				FRAMEWORK_SEARCH_PATHS = (
					"$(SDKROOT)/Developer/Library/Frameworks",
					"$(inherited)",
				);
				INFOPLIST_FILE = LuckyDrawTests/Info.plist;
				LD_RUNPATH_SEARCH_PATHS = "$(inherited) @executable_path/Frameworks @loader_path/Frameworks";
				PRODUCT_NAME = "$(TARGET_NAME)";
				TEST_HOST = "$(BUILT_PRODUCTS_DIR)/LuckyDraw.app/LuckyDraw";
			};
			name = Release;
		};
/* End XCBuildConfiguration section */

/* Begin XCConfigurationList section */
		71DBC3711AC27BB500688B48 /* Build configuration list for PBXProject "LuckyDraw" */ = {
			isa = XCConfigurationList;
			buildConfigurations = (
				71DBC3971AC27BB600688B48 /* Debug */,
				71DBC3981AC27BB600688B48 /* Release */,
			);
			defaultConfigurationIsVisible = 0;
			defaultConfigurationName = Release;
		};
		71DBC3991AC27BB600688B48 /* Build configuration list for PBXNativeTarget "LuckyDraw" */ = {
			isa = XCConfigurationList;
			buildConfigurations = (
				71DBC39A1AC27BB600688B48 /* Debug */,
				71DBC39B1AC27BB600688B48 /* Release */,
			);
			defaultConfigurationIsVisible = 0;
			defaultConfigurationName = Release;
		};
		71DBC39C1AC27BB600688B48 /* Build configuration list for PBXNativeTarget "LuckyDrawTests" */ = {
			isa = XCConfigurationList;
			buildConfigurations = (
				71DBC39D1AC27BB600688B48 /* Debug */,
				71DBC39E1AC27BB600688B48 /* Release */,
			);
			defaultConfigurationIsVisible = 0;
			defaultConfigurationName = Release;
		};
/* End XCConfigurationList section */
	};
	rootObject = 71DBC36E1AC27BB500688B48 /* Project object */;
}
